
Microsoft Visual Studio Solution File, Format Version 12.00
# Visual Studio Version 16
VisualStudioVersion = 16.0.30907.101
MinimumVisualStudioVersion = 10.0.40219.1
Project("{FAE04EC0-301F-11D3-BF4B-00C04F79EFBC}") = "FactoryInjection", "FactoryInjection\FactoryInjection.csproj", "{75E3CD68-CC3B-45D0-A142-E4D13B0BC56A}"
EndProject
Global
	GlobalSection(SolutionConfigurationPlatforms) = preSolution
		Debug|Any CPU = Debug|Any CPU
		Release|Any CPU = Release|Any CPU
	EndGlobalSection
	GlobalSection(ProjectConfigurationPlatforms) = postSolution
		{75E3CD68-CC3B-45D0-A142-E4D13B0BC56A}.Debug|Any CPU.ActiveCfg = Debug|Any CPU
		{75E3CD68-CC3B-45D0-A142-E4D13B0BC56A}.Debug|Any CPU.Build.0 = Debug|Any CPU
		{75E3CD68-CC3B-45D0-A142-E4D13B0BC56A}.Release|Any CPU.ActiveCfg = Release|Any CPU
		{75E3CD68-CC3B-45D0-A142-E4D13B0BC56A}.Release|Any CPU.Build.0 = Release|Any CPU
	EndGlobalSection
	GlobalSection(SolutionProperties) = preSolution
		HideSolutionNode = FALSE
	EndGlobalSection
	GlobalSection(ExtensibilityGlobals) = postSolution
		SolutionGuid = {E78D7D93-9535-4171-BB33-87BE7E0D1002}
	EndGlobalSection
EndGlobal
